
Microsoft Visual Studio Solution File, Format Version 12.00
# Visual Studio Version 16
VisualStudioVersion = 16.0.31112.23
MinimumVisualStudioVersion = 10.0.40219.1
Project("{FAE04EC0-301F-11D3-BF4B-00C04F79EFBC}") = "CourseCenterMS", "CourseCenterMS\CourseCenterMS.csproj", "{BC9AF79B-C72B-46FF-82B8-102056105FD3}"
EndProject
Project("{54435603-DBB4-11D2-8724-00A0C9A8B90C}") = "Setup", "Setup\Setup.vdproj", "{A85AA009-7D30-4BF1-89E1-49203EDE612F}"
EndProject
Global
	GlobalSection(SolutionConfigurationPlatforms) = preSolution
		Debug|Any CPU = Debug|Any CPU
		Release|Any CPU = Release|Any CPU
	EndGlobalSection
	GlobalSection(ProjectConfigurationPlatforms) = postSolution
		{BC9AF79B-C72B-46FF-82B8-102056105FD3}.Debug|Any CPU.ActiveCfg = Debug|Any CPU
		{BC9AF79B-C72B-46FF-82B8-102056105FD3}.Debug|Any CPU.Build.0 = Debug|Any CPU
		{BC9AF79B-C72B-46FF-82B8-102056105FD3}.Release|Any CPU.ActiveCfg = Release|Any CPU
		{BC9AF79B-C72B-46FF-82B8-102056105FD3}.Release|Any CPU.Build.0 = Release|Any CPU
		{A85AA009-7D30-4BF1-89E1-49203EDE612F}.Debug|Any CPU.ActiveCfg = Debug
		{A85AA009-7D30-4BF1-89E1-49203EDE612F}.Release|Any CPU.ActiveCfg = Release
	EndGlobalSection
	GlobalSection(SolutionProperties) = preSolution
		HideSolutionNode = FALSE
	EndGlobalSection
	GlobalSection(ExtensibilityGlobals) = postSolution
		SolutionGuid = {E509C327-60FA-48A5-B8F3-38225FCC1DA5}
	EndGlobalSection
EndGlobal
